
Microsoft Visual Studio Solution File, Format Version 12.00
# Visual Studio Version 17
VisualStudioVersion = 17.5.33424.131
MinimumVisualStudioVersion = 10.0.40219.1
Project("{FAE04EC0-301F-11D3-BF4B-00C04F79EFBC}") = "MinimalProductAPI", "MinimalProductAPI\MinimalProductAPI.csproj", "{9E94330C-91BF-4A86-9B94-AEE4D9BB9E5E}"
EndProject
Global
	GlobalSection(SolutionConfigurationPlatforms) = preSolution
		Debug|Any CPU = Debug|Any CPU
		Release|Any CPU = Release|Any CPU
	EndGlobalSection
	GlobalSection(ProjectConfigurationPlatforms) = postSolution
		{9E94330C-91BF-4A86-9B94-AEE4D9BB9E5E}.Debug|Any CPU.ActiveCfg = Debug|Any CPU
		{9E94330C-91BF-4A86-9B94-AEE4D9BB9E5E}.Debug|Any CPU.Build.0 = Debug|Any CPU
		{9E94330C-91BF-4A86-9B94-AEE4D9BB9E5E}.Release|Any CPU.ActiveCfg = Release|Any CPU
		{9E94330C-91BF-4A86-9B94-AEE4D9BB9E5E}.Release|Any CPU.Build.0 = Release|Any CPU
	EndGlobalSection
	GlobalSection(SolutionProperties) = preSolution
		HideSolutionNode = FALSE
	EndGlobalSection
	GlobalSection(ExtensibilityGlobals) = postSolution
		SolutionGuid = {08469A62-E450-4634-A5FA-1471543BA50B}
	EndGlobalSection
EndGlobal
